{
  "nodes": {
    "anachron8-emu": {
      "inputs": {
        "nixpkgs": [
          "nixpkgs"
        ]
      },
      "locked": {
        "lastModified": 1790945298,
        "narHash": "sha256-tGc/BTdHZ+Ek+Oyeht+txX19zZCiSE0DjPT5grQ2RkY=",
        "ref": "emu-followups",
        "rev": "55f48b82a061f979d174dd4b164ab7095db33a0a",
        "revCount": 39,
        "type": "git",
        "url": "https://git.sherwood.haus/blark/anachron8-emu.git"
      },
      "original": {
        "type": "git",
        "url": "https://git.sherwood.haus/blark/anachron8-emu.git"
      }
    },
    "nixpkgs": {
      "locked": {
        "lastModified": 1735563628,
        "narHash": "sha256-OnSAY7XDSx7CtDoqNh8jwVwh4xNL/2HaJxGjryLWzX8=",
        "owner": "NixOS",
        "repo": "nixpkgs",
        "rev": "b134951a4c9f3c995fd7be05f3243f8ecd65d798",
        "type": "github"
      },
      "original": {
        "owner": "NixOS",
        "ref": "nixos-24.05",
        "repo": "nixpkgs",
        "type": "github"
      }
    },
    "root": {
      "inputs": {
        "anachron8-emu": "anachron8-emu",
        "nixpkgs": "nixpkgs"
      }
    }
  },
  "root": "root",
  "version": 7
}
