{
  "nodes": {
    "anachron8-emu": {
      "inputs": {
        "nixpkgs": [
          "nixpkgs"
        ]
      },
      "locked": {
        "lastModified": 1790948764,
        "narHash": "sha256-sfWxuOsm5GK1JzQOXXr94vwIHVqAonFvyzqtV/EX6iY=",
        "ref": "refs/heads/main",
        "rev": "2c93a1044d3bca5d18aab8a6ee78f279d32a8ce2",
        "revCount": 42,
        "type": "git",
        "url": "https://git.sherwood.haus/blark/anachron8-emu.git"
      },
      "original": {
        "type": "git",
        "url": "https://git.sherwood.haus/blark/anachron8-emu.git"
      }
    },
    "nixpkgs": {
      "locked": {
        "lastModified": 1735563628,
        "narHash": "sha256-OnSAY7XDSx7CtDoqNh8jwVwh4xNL/2HaJxGjryLWzX8=",
        "owner": "NixOS",
        "repo": "nixpkgs",
        "rev": "b134951a4c9f3c995fd7be05f3243f8ecd65d798",
        "type": "github"
      },
      "original": {
        "owner": "NixOS",
        "ref": "nixos-24.05",
        "repo": "nixpkgs",
        "type": "github"
      }
    },
    "root": {
      "inputs": {
        "anachron8-emu": "anachron8-emu",
        "nixpkgs": "nixpkgs"
      }
    }
  },
  "root": "root",
  "version": 7
}
